// !$*UTF8*$!
{
	archiveVersion = 1;
	classes = {
	};
	objectVersion = 51;
	objects = {

/* Begin PBXBuildFile section */
		6574448B230EEF5B00DE1E62 /* API.swift in Sources */ = {isa = PBXBuildFile; fileRef = 6574448A230EEF5B00DE1E62 /* API.swift */; };
		6574448D230EF61000DE1E62 /* APIMovie.swift in Sources */ = {isa = PBXBuildFile; fileRef = 6574448C230EF61000DE1E62 /* APIMovie.swift */; };
		65744490230F1BDC00DE1E62 /* MoviesResponse.swift in Sources */ = {isa = PBXBuildFile; fileRef = 6574448F230F1BDC00DE1E62 /* MoviesResponse.swift */; };
		65744492230F1DC200DE1E62 /* Movie.swift in Sources */ = {isa = PBXBuildFile; fileRef = 65744491230F1DC200DE1E62 /* Movie.swift */; };
		6E32913B230CC6C3008A6760 /* AppDelegate.swift in Sources */ = {isa = PBXBuildFile; fileRef = 6E32913A230CC6C3008A6760 /* AppDelegate.swift */; };
		6E329143230CC6C3008A6760 /* AppMovies.xcdatamodeld in Sources */ = {isa = PBXBuildFile; fileRef = 6E329141230CC6C3008A6760 /* AppMovies.xcdatamodeld */; };
		6E329145230CC6C5008A6760 /* Assets.xcassets in Resources */ = {isa = PBXBuildFile; fileRef = 6E329144230CC6C5008A6760 /* Assets.xcassets */; };
		6E329148230CC6C5008A6760 /* LaunchScreen.storyboard in Resources */ = {isa = PBXBuildFile; fileRef = 6E329146230CC6C5008A6760 /* LaunchScreen.storyboard */; };
		6E329155230CC900008A6760 /* Coodinator.swift in Sources */ = {isa = PBXBuildFile; fileRef = 6E329154230CC900008A6760 /* Coodinator.swift */; };
		6E329157230CC990008A6760 /* AppCoordinator.swift in Sources */ = {isa = PBXBuildFile; fileRef = 6E329156230CC990008A6760 /* AppCoordinator.swift */; };
		6E32915A230CCDF0008A6760 /* MoviesCoordinator.swift in Sources */ = {isa = PBXBuildFile; fileRef = 6E329159230CCDF0008A6760 /* MoviesCoordinator.swift */; };
		6E32915C230CCF0B008A6760 /* Movies.storyboard in Resources */ = {isa = PBXBuildFile; fileRef = 6E32915B230CCF0B008A6760 /* Movies.storyboard */; };
		6E32915E230CD2D2008A6760 /* MovieDetailsViewController.swift in Sources */ = {isa = PBXBuildFile; fileRef = 6E32915D230CD2D2008A6760 /* MovieDetailsViewController.swift */; };
		6E329160230CD347008A6760 /* MoviesFavoritesViewController.swift in Sources */ = {isa = PBXBuildFile; fileRef = 6E32915F230CD347008A6760 /* MoviesFavoritesViewController.swift */; };
		6E329162230CD525008A6760 /* MoviesViewController.swift in Sources */ = {isa = PBXBuildFile; fileRef = 6E329161230CD525008A6760 /* MoviesViewController.swift */; };
		6E9477062311F1C900E23235 /* CustomLabel.swift in Sources */ = {isa = PBXBuildFile; fileRef = 6E9477052311F1C900E23235 /* CustomLabel.swift */; };
		6E94770823120F1F00E23235 /* MovieTabBarViewController.swift in Sources */ = {isa = PBXBuildFile; fileRef = 6E94770723120F1F00E23235 /* MovieTabBarViewController.swift */; };
		6E94770A23121EF100E23235 /* QueryMovie.swift in Sources */ = {isa = PBXBuildFile; fileRef = 6E94770923121EF100E23235 /* QueryMovie.swift */; };
		6EA2631D230E1898000FD798 /* CardView.swift in Sources */ = {isa = PBXBuildFile; fileRef = 6EA2631C230E1898000FD798 /* CardView.swift */; };
		6EA2631F230E1A59000FD798 /* BaseViewController.swift in Sources */ = {isa = PBXBuildFile; fileRef = 6EA2631E230E1A59000FD798 /* BaseViewController.swift */; };
		6EA26322230E295B000FD798 /* MovieCollectionViewCell.swift in Sources */ = {isa = PBXBuildFile; fileRef = 6EA26321230E295B000FD798 /* MovieCollectionViewCell.swift */; };
		6EA72D39231156AD00E5C12C /* Constants.swift in Sources */ = {isa = PBXBuildFile; fileRef = 6EA72D38231156AD00E5C12C /* Constants.swift */; };
		6EA72D3C2311589700E5C12C /* MovieViewModel.swift in Sources */ = {isa = PBXBuildFile; fileRef = 6EA72D3B2311589700E5C12C /* MovieViewModel.swift */; };
		6EA72D3E23115C6D00E5C12C /* Pagination.swift in Sources */ = {isa = PBXBuildFile; fileRef = 6EA72D3D23115C6D00E5C12C /* Pagination.swift */; };
		6EA72D412311841600E5C12C /* ImageViewLoader.swift in Sources */ = {isa = PBXBuildFile; fileRef = 6EA72D402311841600E5C12C /* ImageViewLoader.swift */; };
		6EA72D4323118E1800E5C12C /* MovieDetailsViewModel.swift in Sources */ = {isa = PBXBuildFile; fileRef = 6EA72D4223118E1800E5C12C /* MovieDetailsViewModel.swift */; };
		6EA72D452311938B00E5C12C /* MovieDetails.swift in Sources */ = {isa = PBXBuildFile; fileRef = 6EA72D442311938B00E5C12C /* MovieDetails.swift */; };
		6EA72D472311945C00E5C12C /* Genre.swift in Sources */ = {isa = PBXBuildFile; fileRef = 6EA72D462311945C00E5C12C /* Genre.swift */; };
		6EA72D492311955E00E5C12C /* Companies.swift in Sources */ = {isa = PBXBuildFile; fileRef = 6EA72D482311955E00E5C12C /* Companies.swift */; };
		6EA72D4B2311961400E5C12C /* Country.swift in Sources */ = {isa = PBXBuildFile; fileRef = 6EA72D4A2311961400E5C12C /* Country.swift */; };
		6EA72D4D231196C800E5C12C /* Language.swift in Sources */ = {isa = PBXBuildFile; fileRef = 6EA72D4C231196C800E5C12C /* Language.swift */; };
		6EA72D512311A26000E5C12C /* CustomButton.swift in Sources */ = {isa = PBXBuildFile; fileRef = 6EA72D502311A26000E5C12C /* CustomButton.swift */; };
		6EB8D81B2310CDBA0097A521 /* MovieCollectionViewCell.xib in Resources */ = {isa = PBXBuildFile; fileRef = 6EB8D8152310B2B80097A521 /* MovieCollectionViewCell.xib */; };
		6ED926DF23132F5B00EB29F2 /* AlertHelper.swift in Sources */ = {isa = PBXBuildFile; fileRef = 6ED926DE23132F5B00EB29F2 /* AlertHelper.swift */; };
		6ED926E123133A2100EB29F2 /* FavoriteMovieCell.xib in Resources */ = {isa = PBXBuildFile; fileRef = 6ED926E023133A2100EB29F2 /* FavoriteMovieCell.xib */; };
		6ED926E323135EAB00EB29F2 /* FavoriteMovieTableViewCell.swift in Sources */ = {isa = PBXBuildFile; fileRef = 6ED926E223135EAB00EB29F2 /* FavoriteMovieTableViewCell.swift */; };
		6EDD800A2314217700639A5C /* FavoriteMovieViewModel.swift in Sources */ = {isa = PBXBuildFile; fileRef = 6EDD80092314217700639A5C /* FavoriteMovieViewModel.swift */; };
		6EDD800C231421BD00639A5C /* FavoriteMovieManager.swift in Sources */ = {isa = PBXBuildFile; fileRef = 6EDD800B231421BD00639A5C /* FavoriteMovieManager.swift */; };
		6EDD800E2314250800639A5C /* Coordinator+ViewController+CoreData.swift in Sources */ = {isa = PBXBuildFile; fileRef = 6EDD800D2314250800639A5C /* Coordinator+ViewController+CoreData.swift */; };
		A7A9FD2C751EA97D27C5D53C /* Pods_AppMovies.framework in Frameworks */ = {isa = PBXBuildFile; fileRef = CE75441ACFFE4CBD15403F2C /* Pods_AppMovies.framework */; };
/* End PBXBuildFile section */

/* Begin PBXFileReference section */
		3C53D6D91A54CBC59EF0F85F /* Pods-AppMovies.debug.xcconfig */ = {isa = PBXFileReference; includeInIndex = 1; lastKnownFileType = text.xcconfig; name = "Pods-AppMovies.debug.xcconfig"; path = "Target Support Files/Pods-AppMovies/Pods-AppMovies.debug.xcconfig"; sourceTree = "<group>"; };
		6574448A230EEF5B00DE1E62 /* API.swift */ = {isa = PBXFileReference; lastKnownFileType = sourcecode.swift; path = API.swift; sourceTree = SOURCE_ROOT; };
		6574448C230EF61000DE1E62 /* APIMovie.swift */ = {isa = PBXFileReference; lastKnownFileType = sourcecode.swift; path = APIMovie.swift; sourceTree = SOURCE_ROOT; };
		6574448F230F1BDC00DE1E62 /* MoviesResponse.swift */ = {isa = PBXFileReference; lastKnownFileType = sourcecode.swift; path = MoviesResponse.swift; sourceTree = "<group>"; };
		65744491230F1DC200DE1E62 /* Movie.swift */ = {isa = PBXFileReference; lastKnownFileType = sourcecode.swift; path = Movie.swift; sourceTree = "<group>"; };
		6E329137230CC6C3008A6760 /* AppMovies.app */ = {isa = PBXFileReference; explicitFileType = wrapper.application; includeInIndex = 0; path = AppMovies.app; sourceTree = BUILT_PRODUCTS_DIR; };
		6E32913A230CC6C3008A6760 /* AppDelegate.swift */ = {isa = PBXFileReference; lastKnownFileType = sourcecode.swift; path = AppDelegate.swift; sourceTree = "<group>"; };
		6E329142230CC6C3008A6760 /* AppMovies.xcdatamodel */ = {isa = PBXFileReference; lastKnownFileType = wrapper.xcdatamodel; path = AppMovies.xcdatamodel; sourceTree = "<group>"; };
		6E329144230CC6C5008A6760 /* Assets.xcassets */ = {isa = PBXFileReference; lastKnownFileType = folder.assetcatalog; path = Assets.xcassets; sourceTree = "<group>"; };
		6E329147230CC6C5008A6760 /* Base */ = {isa = PBXFileReference; lastKnownFileType = file.storyboard; name = Base; path = Base.lproj/LaunchScreen.storyboard; sourceTree = "<group>"; };
		6E329149230CC6C5008A6760 /* Info.plist */ = {isa = PBXFileReference; lastKnownFileType = text.plist.xml; path = Info.plist; sourceTree = "<group>"; };
		6E329154230CC900008A6760 /* Coodinator.swift */ = {isa = PBXFileReference; lastKnownFileType = sourcecode.swift; path = Coodinator.swift; sourceTree = "<group>"; };
		6E329156230CC990008A6760 /* AppCoordinator.swift */ = {isa = PBXFileReference; lastKnownFileType = sourcecode.swift; path = AppCoordinator.swift; sourceTree = "<group>"; };
		6E329159230CCDF0008A6760 /* MoviesCoordinator.swift */ = {isa = PBXFileReference; lastKnownFileType = sourcecode.swift; path = MoviesCoordinator.swift; sourceTree = "<group>"; };
		6E32915B230CCF0B008A6760 /* Movies.storyboard */ = {isa = PBXFileReference; lastKnownFileType = file.storyboard; path = Movies.storyboard; sourceTree = "<group>"; };
		6E32915D230CD2D2008A6760 /* MovieDetailsViewController.swift */ = {isa = PBXFileReference; lastKnownFileType = sourcecode.swift; path = MovieDetailsViewController.swift; sourceTree = "<group>"; };
		6E32915F230CD347008A6760 /* MoviesFavoritesViewController.swift */ = {isa = PBXFileReference; lastKnownFileType = sourcecode.swift; path = MoviesFavoritesViewController.swift; sourceTree = "<group>"; };
		6E329161230CD525008A6760 /* MoviesViewController.swift */ = {isa = PBXFileReference; lastKnownFileType = sourcecode.swift; path = MoviesViewController.swift; sourceTree = "<group>"; };
		6E9477052311F1C900E23235 /* CustomLabel.swift */ = {isa = PBXFileReference; lastKnownFileType = sourcecode.swift; path = CustomLabel.swift; sourceTree = "<group>"; };
		6E94770723120F1F00E23235 /* MovieTabBarViewController.swift */ = {isa = PBXFileReference; lastKnownFileType = sourcecode.swift; path = MovieTabBarViewController.swift; sourceTree = "<group>"; };
		6E94770923121EF100E23235 /* QueryMovie.swift */ = {isa = PBXFileReference; lastKnownFileType = sourcecode.swift; path = QueryMovie.swift; sourceTree = "<group>"; };
		6EA2631C230E1898000FD798 /* CardView.swift */ = {isa = PBXFileReference; lastKnownFileType = sourcecode.swift; path = CardView.swift; sourceTree = "<group>"; };
		6EA2631E230E1A59000FD798 /* BaseViewController.swift */ = {isa = PBXFileReference; lastKnownFileType = sourcecode.swift; path = BaseViewController.swift; sourceTree = "<group>"; };
		6EA26321230E295B000FD798 /* MovieCollectionViewCell.swift */ = {isa = PBXFileReference; lastKnownFileType = sourcecode.swift; path = MovieCollectionViewCell.swift; sourceTree = "<group>"; };
		6EA72D38231156AD00E5C12C /* Constants.swift */ = {isa = PBXFileReference; lastKnownFileType = sourcecode.swift; path = Constants.swift; sourceTree = "<group>"; };
		6EA72D3B2311589700E5C12C /* MovieViewModel.swift */ = {isa = PBXFileReference; lastKnownFileType = sourcecode.swift; path = MovieViewModel.swift; sourceTree = "<group>"; };
		6EA72D3D23115C6D00E5C12C /* Pagination.swift */ = {isa = PBXFileReference; lastKnownFileType = sourcecode.swift; path = Pagination.swift; sourceTree = "<group>"; };
		6EA72D402311841600E5C12C /* ImageViewLoader.swift */ = {isa = PBXFileReference; lastKnownFileType = sourcecode.swift; path = ImageViewLoader.swift; sourceTree = "<group>"; };
		6EA72D4223118E1800E5C12C /* MovieDetailsViewModel.swift */ = {isa = PBXFileReference; lastKnownFileType = sourcecode.swift; path = MovieDetailsViewModel.swift; sourceTree = "<group>"; };
		6EA72D442311938B00E5C12C /* MovieDetails.swift */ = {isa = PBXFileReference; lastKnownFileType = sourcecode.swift; path = MovieDetails.swift; sourceTree = "<group>"; };
		6EA72D462311945C00E5C12C /* Genre.swift */ = {isa = PBXFileReference; lastKnownFileType = sourcecode.swift; path = Genre.swift; sourceTree = "<group>"; };
		6EA72D482311955E00E5C12C /* Companies.swift */ = {isa = PBXFileReference; lastKnownFileType = sourcecode.swift; path = Companies.swift; sourceTree = "<group>"; };
		6EA72D4A2311961400E5C12C /* Country.swift */ = {isa = PBXFileReference; lastKnownFileType = sourcecode.swift; path = Country.swift; sourceTree = "<group>"; };
		6EA72D4C231196C800E5C12C /* Language.swift */ = {isa = PBXFileReference; lastKnownFileType = sourcecode.swift; path = Language.swift; sourceTree = "<group>"; };
		6EA72D502311A26000E5C12C /* CustomButton.swift */ = {isa = PBXFileReference; lastKnownFileType = sourcecode.swift; path = CustomButton.swift; sourceTree = "<group>"; };
		6EB8D8152310B2B80097A521 /* MovieCollectionViewCell.xib */ = {isa = PBXFileReference; lastKnownFileType = file.xib; path = MovieCollectionViewCell.xib; sourceTree = "<group>"; };
		6ED926DE23132F5B00EB29F2 /* AlertHelper.swift */ = {isa = PBXFileReference; lastKnownFileType = sourcecode.swift; path = AlertHelper.swift; sourceTree = "<group>"; };
		6ED926E023133A2100EB29F2 /* FavoriteMovieCell.xib */ = {isa = PBXFileReference; lastKnownFileType = file.xib; path = FavoriteMovieCell.xib; sourceTree = "<group>"; };
		6ED926E223135EAB00EB29F2 /* FavoriteMovieTableViewCell.swift */ = {isa = PBXFileReference; lastKnownFileType = sourcecode.swift; path = FavoriteMovieTableViewCell.swift; sourceTree = "<group>"; };
		6EDD80092314217700639A5C /* FavoriteMovieViewModel.swift */ = {isa = PBXFileReference; lastKnownFileType = sourcecode.swift; path = FavoriteMovieViewModel.swift; sourceTree = "<group>"; };
		6EDD800B231421BD00639A5C /* FavoriteMovieManager.swift */ = {isa = PBXFileReference; lastKnownFileType = sourcecode.swift; path = FavoriteMovieManager.swift; sourceTree = "<group>"; };
		6EDD800D2314250800639A5C /* Coordinator+ViewController+CoreData.swift */ = {isa = PBXFileReference; lastKnownFileType = sourcecode.swift; path = "Coordinator+ViewController+CoreData.swift"; sourceTree = "<group>"; };
		A8A7E3DFBAD8D8F402B2D1FA /* Pods-AppMovies.release.xcconfig */ = {isa = PBXFileReference; includeInIndex = 1; lastKnownFileType = text.xcconfig; name = "Pods-AppMovies.release.xcconfig"; path = "Target Support Files/Pods-AppMovies/Pods-AppMovies.release.xcconfig"; sourceTree = "<group>"; };
		CE75441ACFFE4CBD15403F2C /* Pods_AppMovies.framework */ = {isa = PBXFileReference; explicitFileType = wrapper.framework; includeInIndex = 0; path = Pods_AppMovies.framework; sourceTree = BUILT_PRODUCTS_DIR; };
/* End PBXFileReference section */

/* Begin PBXFrameworksBuildPhase section */
		6E329134230CC6C3008A6760 /* Frameworks */ = {
			isa = PBXFrameworksBuildPhase;
			buildActionMask = 2147483647;
			files = (
				A7A9FD2C751EA97D27C5D53C /* Pods_AppMovies.framework in Frameworks */,
			);
			runOnlyForDeploymentPostprocessing = 0;
		};
/* End PBXFrameworksBuildPhase section */

/* Begin PBXGroup section */
		1BE31720916CE5ED9DCE2AEB /* Pods */ = {
			isa = PBXGroup;
			children = (
				3C53D6D91A54CBC59EF0F85F /* Pods-AppMovies.debug.xcconfig */,
				A8A7E3DFBAD8D8F402B2D1FA /* Pods-AppMovies.release.xcconfig */,
			);
			path = Pods;
			sourceTree = "<group>";
		};
		51311022797C151DC0F4F648 /* Frameworks */ = {
			isa = PBXGroup;
			children = (
				CE75441ACFFE4CBD15403F2C /* Pods_AppMovies.framework */,
			);
			name = Frameworks;
			sourceTree = "<group>";
		};
		6574448E230F1BAD00DE1E62 /* Models */ = {
			isa = PBXGroup;
			children = (
				6EA72D4F2311972500E5C12C /* MovieDetails */,
				6EA72D4E2311971E00E5C12C /* PopularMovie */,
				6E94770923121EF100E23235 /* QueryMovie.swift */,
			);
			path = Models;
			sourceTree = "<group>";
		};
		6E32912E230CC6C3008A6760 = {
			isa = PBXGroup;
			children = (
				6E329139230CC6C3008A6760 /* AppMovies */,
				6E329138230CC6C3008A6760 /* Products */,
				1BE31720916CE5ED9DCE2AEB /* Pods */,
				51311022797C151DC0F4F648 /* Frameworks */,
			);
			sourceTree = "<group>";
		};
		6E329138230CC6C3008A6760 /* Products */ = {
			isa = PBXGroup;
			children = (
				6E329137230CC6C3008A6760 /* AppMovies.app */,
			);
			name = Products;
			sourceTree = "<group>";
		};
		6E329139230CC6C3008A6760 /* AppMovies */ = {
			isa = PBXGroup;
			children = (
				6EA72D372311562D00E5C12C /* Common */,
				6EA2631B230E1878000FD798 /* Components */,
				6E329153230CC87C008A6760 /* Coordinators */,
				6E329152230CC84A008A6760 /* Data Base */,
				6E329158230CCCCF008A6760 /* Services */,
				6574448E230F1BAD00DE1E62 /* Models */,
				6EA72D3A2311583100E5C12C /* ViewModel */,
				6EB8D8112310B1B40097A521 /* View */,
				6E329150230CC80B008A6760 /* ViewControllers */,
				6E329151230CC822008A6760 /* Storyboards */,
				6EB8D8172310C12A0097A521 /* Helper */,
				6E32914F230CC7EF008A6760 /* Support Files */,
				6E32913A230CC6C3008A6760 /* AppDelegate.swift */,
				6E329149230CC6C5008A6760 /* Info.plist */,
			);
			path = AppMovies;
			sourceTree = "<group>";
		};
		6E32914F230CC7EF008A6760 /* Support Files */ = {
			isa = PBXGroup;
			children = (
				6E329144230CC6C5008A6760 /* Assets.xcassets */,
				6E329146230CC6C5008A6760 /* LaunchScreen.storyboard */,
			);
			path = "Support Files";
			sourceTree = "<group>";
		};
		6E329150230CC80B008A6760 /* ViewControllers */ = {
			isa = PBXGroup;
			children = (
				6EA2631E230E1A59000FD798 /* BaseViewController.swift */,
				6E94770723120F1F00E23235 /* MovieTabBarViewController.swift */,
				6EA72D16231154BC00E5C12C /* PopularMovies */,
				6EA72D182311551300E5C12C /* FavoriteMovie */,
				6EA72D17231154F100E5C12C /* MovieDetails */,
			);
			path = ViewControllers;
			sourceTree = "<group>";
		};
		6E329151230CC822008A6760 /* Storyboards */ = {
			isa = PBXGroup;
			children = (
				6E32915B230CCF0B008A6760 /* Movies.storyboard */,
			);
			path = Storyboards;
			sourceTree = "<group>";
		};
		6E329152230CC84A008A6760 /* Data Base */ = {
			isa = PBXGroup;
			children = (
				6E329141230CC6C3008A6760 /* AppMovies.xcdatamodeld */,
				6EDD800B231421BD00639A5C /* FavoriteMovieManager.swift */,
			);
			path = "Data Base";
			sourceTree = "<group>";
		};
		6E329153230CC87C008A6760 /* Coordinators */ = {
			isa = PBXGroup;
			children = (
				6E329154230CC900008A6760 /* Coodinator.swift */,
				6E329156230CC990008A6760 /* AppCoordinator.swift */,
				6E329159230CCDF0008A6760 /* MoviesCoordinator.swift */,
			);
			path = Coordinators;
			sourceTree = "<group>";
		};
		6E329158230CCCCF008A6760 /* Services */ = {
			isa = PBXGroup;
			children = (
				6EA72D15231153AC00E5C12C /* Model */,
				6574448A230EEF5B00DE1E62 /* API.swift */,
				6574448C230EF61000DE1E62 /* APIMovie.swift */,
			);
			path = Services;
			sourceTree = "<group>";
		};
		6EA2631B230E1878000FD798 /* Components */ = {
			isa = PBXGroup;
			children = (
				6EA2631C230E1898000FD798 /* CardView.swift */,
				6EA72D502311A26000E5C12C /* CustomButton.swift */,
				6E9477052311F1C900E23235 /* CustomLabel.swift */,
			);
			path = Components;
			sourceTree = "<group>";
		};
		6EA26320230E2934000FD798 /* TableView */ = {
			isa = PBXGroup;
			children = (
				6ED926E223135EAB00EB29F2 /* FavoriteMovieTableViewCell.swift */,
				6ED926E023133A2100EB29F2 /* FavoriteMovieCell.xib */,
			);
			path = TableView;
			sourceTree = "<group>";
		};
		6EA72D15231153AC00E5C12C /* Model */ = {
			isa = PBXGroup;
			children = (
				6574448F230F1BDC00DE1E62 /* MoviesResponse.swift */,
			);
			path = Model;
			sourceTree = "<group>";
		};
		6EA72D16231154BC00E5C12C /* PopularMovies */ = {
			isa = PBXGroup;
			children = (
				6E329161230CD525008A6760 /* MoviesViewController.swift */,
			);
			path = PopularMovies;
			sourceTree = "<group>";
		};
		6EA72D17231154F100E5C12C /* MovieDetails */ = {
			isa = PBXGroup;
			children = (
				6E32915D230CD2D2008A6760 /* MovieDetailsViewController.swift */,
			);
			path = MovieDetails;
			sourceTree = "<group>";
		};
		6EA72D182311551300E5C12C /* FavoriteMovie */ = {
			isa = PBXGroup;
			children = (
				6E32915F230CD347008A6760 /* MoviesFavoritesViewController.swift */,
			);
			path = FavoriteMovie;
			sourceTree = "<group>";
		};
		6EA72D372311562D00E5C12C /* Common */ = {
			isa = PBXGroup;
			children = (
				6EA72D38231156AD00E5C12C /* Constants.swift */,
			);
			path = Common;
			sourceTree = "<group>";
		};
		6EA72D3A2311583100E5C12C /* ViewModel */ = {
			isa = PBXGroup;
			children = (
				6EA72D3B2311589700E5C12C /* MovieViewModel.swift */,
				6EA72D4223118E1800E5C12C /* MovieDetailsViewModel.swift */,
				6EDD80092314217700639A5C /* FavoriteMovieViewModel.swift */,
			);
			path = ViewModel;
			sourceTree = "<group>";
		};
		6EA72D3F2311820100E5C12C /* Extensions */ = {
			isa = PBXGroup;
			children = (
				6EA72D402311841600E5C12C /* ImageViewLoader.swift */,
				6EDD800D2314250800639A5C /* Coordinator+ViewController+CoreData.swift */,
			);
			path = Extensions;
			sourceTree = "<group>";
		};
		6EA72D4E2311971E00E5C12C /* PopularMovie */ = {
			isa = PBXGroup;
			children = (
				6EA72D3D23115C6D00E5C12C /* Pagination.swift */,
				65744491230F1DC200DE1E62 /* Movie.swift */,
			);
			path = PopularMovie;
			sourceTree = "<group>";
		};
		6EA72D4F2311972500E5C12C /* MovieDetails */ = {
			isa = PBXGroup;
			children = (
				6EA72D442311938B00E5C12C /* MovieDetails.swift */,
				6EA72D462311945C00E5C12C /* Genre.swift */,
				6EA72D482311955E00E5C12C /* Companies.swift */,
				6EA72D4A2311961400E5C12C /* Country.swift */,
				6EA72D4C231196C800E5C12C /* Language.swift */,
			);
			path = MovieDetails;
			sourceTree = "<group>";
		};
		6EB8D8112310B1B40097A521 /* View */ = {
			isa = PBXGroup;
			children = (
				6EB8D8122310B1D20097A521 /* Collection */,
				6EA26320230E2934000FD798 /* TableView */,
			);
			path = View;
			sourceTree = "<group>";
		};
		6EB8D8122310B1D20097A521 /* Collection */ = {
			isa = PBXGroup;
			children = (
				6EA26321230E295B000FD798 /* MovieCollectionViewCell.swift */,
				6EB8D8152310B2B80097A521 /* MovieCollectionViewCell.xib */,
			);
			path = Collection;
			sourceTree = "<group>";
		};
		6EB8D8172310C12A0097A521 /* Helper */ = {
			isa = PBXGroup;
			children = (
				6EA72D3F2311820100E5C12C /* Extensions */,
				6ED926DE23132F5B00EB29F2 /* AlertHelper.swift */,
			);
			path = Helper;
			sourceTree = "<group>";
		};
/* End PBXGroup section */

/* Begin PBXNativeTarget section */
		6E329136230CC6C3008A6760 /* AppMovies */ = {
			isa = PBXNativeTarget;
			buildConfigurationList = 6E32914C230CC6C5008A6760 /* Build configuration list for PBXNativeTarget "AppMovies" */;
			buildPhases = (
				7A702F4E72BDE9A9725E283C /* [CP] Check Pods Manifest.lock */,
				6E329133230CC6C3008A6760 /* Sources */,
				6E329134230CC6C3008A6760 /* Frameworks */,
				6E329135230CC6C3008A6760 /* Resources */,
				5051BB648692AFCAEBE98D02 /* [CP] Embed Pods Frameworks */,
			);
			buildRules = (
			);
			dependencies = (
			);
			name = AppMovies;
			productName = AppMovies;
			productReference = 6E329137230CC6C3008A6760 /* AppMovies.app */;
			productType = "com.apple.product-type.application";
		};
/* End PBXNativeTarget section */

/* Begin PBXProject section */
		6E32912F230CC6C3008A6760 /* Project object */ = {
			isa = PBXProject;
			attributes = {
				LastSwiftUpdateCheck = 1010;
				LastUpgradeCheck = 1010;
				ORGANIZATIONNAME = "Vinicius Rodrigues";
				TargetAttributes = {
					6E329136230CC6C3008A6760 = {
						CreatedOnToolsVersion = 10.1;
					};
				};
			};
			buildConfigurationList = 6E329132230CC6C3008A6760 /* Build configuration list for PBXProject "AppMovies" */;
			compatibilityVersion = "Xcode 9.3";
			developmentRegion = en;
			hasScannedForEncodings = 0;
			knownRegions = (
				en,
				Base,
			);
			mainGroup = 6E32912E230CC6C3008A6760;
			productRefGroup = 6E329138230CC6C3008A6760 /* Products */;
			projectDirPath = "";
			projectRoot = "";
			targets = (
				6E329136230CC6C3008A6760 /* AppMovies */,
			);
		};
/* End PBXProject section */

/* Begin PBXResourcesBuildPhase section */
		6E329135230CC6C3008A6760 /* Resources */ = {
			isa = PBXResourcesBuildPhase;
			buildActionMask = 2147483647;
			files = (
				6ED926E123133A2100EB29F2 /* FavoriteMovieCell.xib in Resources */,
				6E329148230CC6C5008A6760 /* LaunchScreen.storyboard in Resources */,
				6E32915C230CCF0B008A6760 /* Movies.storyboard in Resources */,
				6EB8D81B2310CDBA0097A521 /* MovieCollectionViewCell.xib in Resources */,
				6E329145230CC6C5008A6760 /* Assets.xcassets in Resources */,
			);
			runOnlyForDeploymentPostprocessing = 0;
		};
/* End PBXResourcesBuildPhase section */

/* Begin PBXShellScriptBuildPhase section */
		5051BB648692AFCAEBE98D02 /* [CP] Embed Pods Frameworks */ = {
			isa = PBXShellScriptBuildPhase;
			buildActionMask = 2147483647;
			files = (
			);
			inputFileListPaths = (
				"${PODS_ROOT}/Target Support Files/Pods-AppMovies/Pods-AppMovies-frameworks-${CONFIGURATION}-input-files.xcfilelist",
			);
			name = "[CP] Embed Pods Frameworks";
			outputFileListPaths = (
				"${PODS_ROOT}/Target Support Files/Pods-AppMovies/Pods-AppMovies-frameworks-${CONFIGURATION}-output-files.xcfilelist",
			);
			runOnlyForDeploymentPostprocessing = 0;
			shellPath = /bin/sh;
			shellScript = "\"${PODS_ROOT}/Target Support Files/Pods-AppMovies/Pods-AppMovies-frameworks.sh\"\n";
			showEnvVarsInLog = 0;
		};
		7A702F4E72BDE9A9725E283C /* [CP] Check Pods Manifest.lock */ = {
			isa = PBXShellScriptBuildPhase;
			buildActionMask = 2147483647;
			files = (
			);
			inputFileListPaths = (
			);
			inputPaths = (
				"${PODS_PODFILE_DIR_PATH}/Podfile.lock",
				"${PODS_ROOT}/Manifest.lock",
			);
			name = "[CP] Check Pods Manifest.lock";
			outputFileListPaths = (
			);
			outputPaths = (
				"$(DERIVED_FILE_DIR)/Pods-AppMovies-checkManifestLockResult.txt",
			);
			runOnlyForDeploymentPostprocessing = 0;
			shellPath = /bin/sh;
			shellScript = "diff \"${PODS_PODFILE_DIR_PATH}/Podfile.lock\" \"${PODS_ROOT}/Manifest.lock\" > /dev/null\nif [ $? != 0 ] ; then\n    # print error to STDERR\n    echo \"error: The sandbox is not in sync with the Podfile.lock. Run 'pod install' or update your CocoaPods installation.\" >&2\n    exit 1\nfi\n# This output is used by Xcode 'outputs' to avoid re-running this script phase.\necho \"SUCCESS\" > \"${SCRIPT_OUTPUT_FILE_0}\"\n";
			showEnvVarsInLog = 0;
		};
/* End PBXShellScriptBuildPhase section */

/* Begin PBXSourcesBuildPhase section */
		6E329133230CC6C3008A6760 /* Sources */ = {
			isa = PBXSourcesBuildPhase;
			buildActionMask = 2147483647;
			files = (
				6EA72D512311A26000E5C12C /* CustomButton.swift in Sources */,
				6ED926E323135EAB00EB29F2 /* FavoriteMovieTableViewCell.swift in Sources */,
				6E9477062311F1C900E23235 /* CustomLabel.swift in Sources */,
				6EDD800A2314217700639A5C /* FavoriteMovieViewModel.swift in Sources */,
				6EA72D4323118E1800E5C12C /* MovieDetailsViewModel.swift in Sources */,
				6E329155230CC900008A6760 /* Coodinator.swift in Sources */,
				6EA72D39231156AD00E5C12C /* Constants.swift in Sources */,
				6EA72D472311945C00E5C12C /* Genre.swift in Sources */,
				6EA72D4B2311961400E5C12C /* Country.swift in Sources */,
				6EA2631D230E1898000FD798 /* CardView.swift in Sources */,
				6E329160230CD347008A6760 /* MoviesFavoritesViewController.swift in Sources */,
				6EA72D492311955E00E5C12C /* Companies.swift in Sources */,
				6E329157230CC990008A6760 /* AppCoordinator.swift in Sources */,
				6EA72D3C2311589700E5C12C /* MovieViewModel.swift in Sources */,
				6E32915E230CD2D2008A6760 /* MovieDetailsViewController.swift in Sources */,
				6EA72D4D231196C800E5C12C /* Language.swift in Sources */,
				6EA72D452311938B00E5C12C /* MovieDetails.swift in Sources */,
				6EA2631F230E1A59000FD798 /* BaseViewController.swift in Sources */,
				6E329143230CC6C3008A6760 /* AppMovies.xcdatamodeld in Sources */,
				6E32915A230CCDF0008A6760 /* MoviesCoordinator.swift in Sources */,
				6ED926DF23132F5B00EB29F2 /* AlertHelper.swift in Sources */,
				6EDD800C231421BD00639A5C /* FavoriteMovieManager.swift in Sources */,
				6EA26322230E295B000FD798 /* MovieCollectionViewCell.swift in Sources */,
				6EA72D3E23115C6D00E5C12C /* Pagination.swift in Sources */,
				6EA72D412311841600E5C12C /* ImageViewLoader.swift in Sources */,
				6E32913B230CC6C3008A6760 /* AppDelegate.swift in Sources */,
				6574448D230EF61000DE1E62 /* APIMovie.swift in Sources */,
				65744490230F1BDC00DE1E62 /* MoviesResponse.swift in Sources */,
				6574448B230EEF5B00DE1E62 /* API.swift in Sources */,
				6E94770823120F1F00E23235 /* MovieTabBarViewController.swift in Sources */,
				6E329162230CD525008A6760 /* MoviesViewController.swift in Sources */,
				6EDD800E2314250800639A5C /* Coordinator+ViewController+CoreData.swift in Sources */,
				6E94770A23121EF100E23235 /* QueryMovie.swift in Sources */,
				65744492230F1DC200DE1E62 /* Movie.swift in Sources */,
			);
			runOnlyForDeploymentPostprocessing = 0;
		};
/* End PBXSourcesBuildPhase section */

/* Begin PBXVariantGroup section */
		6E329146230CC6C5008A6760 /* LaunchScreen.storyboard */ = {
			isa = PBXVariantGroup;
			children = (
				6E329147230CC6C5008A6760 /* Base */,
			);
			name = LaunchScreen.storyboard;
			sourceTree = "<group>";
		};
/* End PBXVariantGroup section */

/* Begin XCBuildConfiguration section */
		6E32914A230CC6C5008A6760 /* Debug */ = {
			isa = XCBuildConfiguration;
			buildSettings = {
				ALWAYS_SEARCH_USER_PATHS = NO;
				CLANG_ANALYZER_NONNULL = YES;
				CLANG_ANALYZER_NUMBER_OBJECT_CONVERSION = YES_AGGRESSIVE;
				CLANG_CXX_LANGUAGE_STANDARD = "gnu++14";
				CLANG_CXX_LIBRARY = "libc++";
				CLANG_ENABLE_MODULES = YES;
				CLANG_ENABLE_OBJC_ARC = YES;
				CLANG_ENABLE_OBJC_WEAK = YES;
				CLANG_WARN_BLOCK_CAPTURE_AUTORELEASING = YES;
				CLANG_WARN_BOOL_CONVERSION = YES;
				CLANG_WARN_COMMA = YES;
				CLANG_WARN_CONSTANT_CONVERSION = YES;
				CLANG_WARN_DEPRECATED_OBJC_IMPLEMENTATIONS = YES;
				CLANG_WARN_DIRECT_OBJC_ISA_USAGE = YES_ERROR;
				CLANG_WARN_DOCUMENTATION_COMMENTS = YES;
				CLANG_WARN_EMPTY_BODY = YES;
				CLANG_WARN_ENUM_CONVERSION = YES;
				CLANG_WARN_INFINITE_RECURSION = YES;
				CLANG_WARN_INT_CONVERSION = YES;
				CLANG_WARN_NON_LITERAL_NULL_CONVERSION = YES;
				CLANG_WARN_OBJC_IMPLICIT_RETAIN_SELF = YES;
				CLANG_WARN_OBJC_LITERAL_CONVERSION = YES;
				CLANG_WARN_OBJC_ROOT_CLASS = YES_ERROR;
				CLANG_WARN_RANGE_LOOP_ANALYSIS = YES;
				CLANG_WARN_STRICT_PROTOTYPES = YES;
				CLANG_WARN_SUSPICIOUS_MOVE = YES;
				CLANG_WARN_UNGUARDED_AVAILABILITY = YES_AGGRESSIVE;
				CLANG_WARN_UNREACHABLE_CODE = YES;
				CLANG_WARN__DUPLICATE_METHOD_MATCH = YES;
				CODE_SIGN_IDENTITY = "iPhone Developer";
				COPY_PHASE_STRIP = NO;
				DEBUG_INFORMATION_FORMAT = dwarf;
				ENABLE_STRICT_OBJC_MSGSEND = YES;
				ENABLE_TESTABILITY = YES;
				GCC_C_LANGUAGE_STANDARD = gnu11;
				GCC_DYNAMIC_NO_PIC = NO;
				GCC_NO_COMMON_BLOCKS = YES;
				GCC_OPTIMIZATION_LEVEL = 0;
				GCC_PREPROCESSOR_DEFINITIONS = (
					"DEBUG=1",
					"$(inherited)",
				);
				GCC_WARN_64_TO_32_BIT_CONVERSION = YES;
				GCC_WARN_ABOUT_RETURN_TYPE = YES_ERROR;
				GCC_WARN_UNDECLARED_SELECTOR = YES;
				GCC_WARN_UNINITIALIZED_AUTOS = YES_AGGRESSIVE;
				GCC_WARN_UNUSED_FUNCTION = YES;
				GCC_WARN_UNUSED_VARIABLE = YES;
				IPHONEOS_DEPLOYMENT_TARGET = 12.1;
				MTL_ENABLE_DEBUG_INFO = INCLUDE_SOURCE;
				MTL_FAST_MATH = YES;
				ONLY_ACTIVE_ARCH = YES;
				SDKROOT = iphoneos;
				SWIFT_ACTIVE_COMPILATION_CONDITIONS = DEBUG;
				SWIFT_OPTIMIZATION_LEVEL = "-Onone";
			};
			name = Debug;
		};
		6E32914B230CC6C5008A6760 /* Release */ = {
			isa = XCBuildConfiguration;
			buildSettings = {
				ALWAYS_SEARCH_USER_PATHS = NO;
				CLANG_ANALYZER_NONNULL = YES;
				CLANG_ANALYZER_NUMBER_OBJECT_CONVERSION = YES_AGGRESSIVE;
				CLANG_CXX_LANGUAGE_STANDARD = "gnu++14";
				CLANG_CXX_LIBRARY = "libc++";
				CLANG_ENABLE_MODULES = YES;
				CLANG_ENABLE_OBJC_ARC = YES;
				CLANG_ENABLE_OBJC_WEAK = YES;
				CLANG_WARN_BLOCK_CAPTURE_AUTORELEASING = YES;
				CLANG_WARN_BOOL_CONVERSION = YES;
				CLANG_WARN_COMMA = YES;
				CLANG_WARN_CONSTANT_CONVERSION = YES;
				CLANG_WARN_DEPRECATED_OBJC_IMPLEMENTATIONS = YES;
				CLANG_WARN_DIRECT_OBJC_ISA_USAGE = YES_ERROR;
				CLANG_WARN_DOCUMENTATION_COMMENTS = YES;
				CLANG_WARN_EMPTY_BODY = YES;
				CLANG_WARN_ENUM_CONVERSION = YES;
				CLANG_WARN_INFINITE_RECURSION = YES;
				CLANG_WARN_INT_CONVERSION = YES;
				CLANG_WARN_NON_LITERAL_NULL_CONVERSION = YES;
				CLANG_WARN_OBJC_IMPLICIT_RETAIN_SELF = YES;
				CLANG_WARN_OBJC_LITERAL_CONVERSION = YES;
				CLANG_WARN_OBJC_ROOT_CLASS = YES_ERROR;
				CLANG_WARN_RANGE_LOOP_ANALYSIS = YES;
				CLANG_WARN_STRICT_PROTOTYPES = YES;
				CLANG_WARN_SUSPICIOUS_MOVE = YES;
				CLANG_WARN_UNGUARDED_AVAILABILITY = YES_AGGRESSIVE;
				CLANG_WARN_UNREACHABLE_CODE = YES;
				CLANG_WARN__DUPLICATE_METHOD_MATCH = YES;
				CODE_SIGN_IDENTITY = "iPhone Developer";
				COPY_PHASE_STRIP = NO;
				DEBUG_INFORMATION_FORMAT = "dwarf-with-dsym";
				ENABLE_NS_ASSERTIONS = NO;
				ENABLE_STRICT_OBJC_MSGSEND = YES;
				GCC_C_LANGUAGE_STANDARD = gnu11;
				GCC_NO_COMMON_BLOCKS = YES;
				GCC_WARN_64_TO_32_BIT_CONVERSION = YES;
				GCC_WARN_ABOUT_RETURN_TYPE = YES_ERROR;
				GCC_WARN_UNDECLARED_SELECTOR = YES;
				GCC_WARN_UNINITIALIZED_AUTOS = YES_AGGRESSIVE;
				GCC_WARN_UNUSED_FUNCTION = YES;
				GCC_WARN_UNUSED_VARIABLE = YES;
				IPHONEOS_DEPLOYMENT_TARGET = 12.1;
				MTL_ENABLE_DEBUG_INFO = NO;
				MTL_FAST_MATH = YES;
				SDKROOT = iphoneos;
				SWIFT_COMPILATION_MODE = wholemodule;
				SWIFT_OPTIMIZATION_LEVEL = "-O";
				VALIDATE_PRODUCT = YES;
			};
			name = Release;
		};
		6E32914D230CC6C5008A6760 /* Debug */ = {
			isa = XCBuildConfiguration;
			baseConfigurationReference = 3C53D6D91A54CBC59EF0F85F /* Pods-AppMovies.debug.xcconfig */;
			buildSettings = {
				ASSETCATALOG_COMPILER_APPICON_NAME = AppIcon;
				CODE_SIGN_STYLE = Automatic;
				DEVELOPMENT_TEAM = K263L273XJ;
				INFOPLIST_FILE = AppMovies/Info.plist;
				LD_RUNPATH_SEARCH_PATHS = (
					"$(inherited)",
					"@executable_path/Frameworks",
				);
				PRODUCT_BUNDLE_IDENTIFIER = br.com.vinicius.duarte.AppMovies;
				PRODUCT_NAME = "$(TARGET_NAME)";
				SWIFT_VERSION = 4.2;
				TARGETED_DEVICE_FAMILY = 1;
			};
			name = Debug;
		};
		6E32914E230CC6C5008A6760 /* Release */ = {
			isa = XCBuildConfiguration;
			baseConfigurationReference = A8A7E3DFBAD8D8F402B2D1FA /* Pods-AppMovies.release.xcconfig */;
			buildSettings = {
				ASSETCATALOG_COMPILER_APPICON_NAME = AppIcon;
				CODE_SIGN_STYLE = Automatic;
				DEVELOPMENT_TEAM = K263L273XJ;
				INFOPLIST_FILE = AppMovies/Info.plist;
				LD_RUNPATH_SEARCH_PATHS = (
					"$(inherited)",
					"@executable_path/Frameworks",
				);
				PRODUCT_BUNDLE_IDENTIFIER = br.com.vinicius.duarte.AppMovies;
				PRODUCT_NAME = "$(TARGET_NAME)";
				SWIFT_VERSION = 4.2;
				TARGETED_DEVICE_FAMILY = 1;
			};
			name = Release;
		};
/* End XCBuildConfiguration section */

/* Begin XCConfigurationList section */
		6E329132230CC6C3008A6760 /* Build configuration list for PBXProject "AppMovies" */ = {
			isa = XCConfigurationList;
			buildConfigurations = (
				6E32914A230CC6C5008A6760 /* Debug */,
				6E32914B230CC6C5008A6760 /* Release */,
			);
			defaultConfigurationIsVisible = 0;
			defaultConfigurationName = Release;
		};
		6E32914C230CC6C5008A6760 /* Build configuration list for PBXNativeTarget "AppMovies" */ = {
			isa = XCConfigurationList;
			buildConfigurations = (
				6E32914D230CC6C5008A6760 /* Debug */,
				6E32914E230CC6C5008A6760 /* Release */,
			);
			defaultConfigurationIsVisible = 0;
			defaultConfigurationName = Release;
		};
/* End XCConfigurationList section */

/* Begin XCVersionGroup section */
		6E329141230CC6C3008A6760 /* AppMovies.xcdatamodeld */ = {
			isa = XCVersionGroup;
			children = (
				6E329142230CC6C3008A6760 /* AppMovies.xcdatamodel */,
			);
			currentVersion = 6E329142230CC6C3008A6760 /* AppMovies.xcdatamodel */;
			path = AppMovies.xcdatamodeld;
			sourceTree = "<group>";
			versionGroupType = wrapper.xcdatamodel;
		};
/* End XCVersionGroup section */
	};
	rootObject = 6E32912F230CC6C3008A6760 /* Project object */;
}
